
Microsoft Visual Studio Solution File, Format Version 12.00
# Visual Studio Version 17
VisualStudioVersion = 17.5.002.0
MinimumVisualStudioVersion = 10.0.40219.1
Project("{2150E333-8FDC-42A3-9474-1A3956D46DE8}") = "csharp-prep", "csharp-prep", "{A48485C9-5227-4AD3-B569-97986E5844E6}"
EndProject
Project("{9A19103F-16F7-4668-BE54-9A1E7A4F7556}") = "Prep1", "csharp-prep\Prep1\Prep1.csproj", "{AD1C2EA6-658B-4982-A998-984E020D5B9E}"
EndProject
Project("{9A19103F-16F7-4668-BE54-9A1E7A4F7556}") = "Prep2", "csharp-prep\Prep2\Prep2.csproj", "{17D77BC1-50E2-42E3-A812-7CBD278BE370}"
EndProject
Project("{9A19103F-16F7-4668-BE54-9A1E7A4F7556}") = "Prep3", "csharp-prep\Prep3\Prep3.csproj", "{91F9713A-CCC6-4E41-9669-BD5C9238971B}"
EndProject
Project("{9A19103F-16F7-4668-BE54-9A1E7A4F7556}") = "Prep4", "csharp-prep\Prep4\Prep4.csproj", "{D5E0FBED-B5AE-4522-96F3-E68F7BA04063}"
EndProject
Project("{9A19103F-16F7-4668-BE54-9A1E7A4F7556}") = "Prep5", "csharp-prep\Prep5\Prep5.csproj", "{BE72C543-6052-4AB7-A402-731330E7475A}"
EndProject
Project("{2150E333-8FDC-42A3-9474-1A3956D46DE8}") = "final", "final", "{5A7573FF-1978-47EF-903F-A593342765AF}"
EndProject
Project("{9A19103F-16F7-4668-BE54-9A1E7A4F7556}") = "FinalProject", "final\FinalProject\FinalProject.csproj", "{81EAA9AB-23E5-45AA-A4B3-78A61403603E}"
EndProject
Project("{9A19103F-16F7-4668-BE54-9A1E7A4F7556}") = "Foundation1", "final\Foundation1\Foundation1.csproj", "{CF93E9A0-5040-48EA-BC7C-CED0C3C6C177}"
EndProject
Project("{9A19103F-16F7-4668-BE54-9A1E7A4F7556}") = "Foundation2", "final\Foundation2\Foundation2.csproj", "{2D4062C8-41D4-4150-8F9B-F555442C5B80}"
EndProject
Project("{9A19103F-16F7-4668-BE54-9A1E7A4F7556}") = "Foundation3", "final\Foundation3\Foundation3.csproj", "{2BC061AB-9FCD-4F35-90AD-7C01D6B73B7F}"
EndProject
Project("{9A19103F-16F7-4668-BE54-9A1E7A4F7556}") = "Foundation4", "final\Foundation4\Foundation4.csproj", "{88FB939A-0068-48E6-A6E9-274D63252737}"
EndProject
Project("{2150E333-8FDC-42A3-9474-1A3956D46DE8}") = "prepare", "prepare", "{F596FAE9-F2C8-4157-9139-C4407A05B88D}"
EndProject
Project("{9A19103F-16F7-4668-BE54-9A1E7A4F7556}") = "Learning02", "prepare\Learning02\Learning02.csproj", "{DDFB4DA8-CAF0-4B04-A4B3-BC15CE7DDAC0}"
EndProject
Project("{9A19103F-16F7-4668-BE54-9A1E7A4F7556}") = "Learning03", "prepare\Learning03\Learning03.csproj", "{9F8FC057-324A-4895-A9F8-CF61BAEE6805}"
EndProject
Project("{9A19103F-16F7-4668-BE54-9A1E7A4F7556}") = "Learning04", "prepare\Learning04\Learning04.csproj", "{5F788CA7-9D44-4D0D-93FD-C3B706200256}"
EndProject
Project("{9A19103F-16F7-4668-BE54-9A1E7A4F7556}") = "Learning05", "prepare\Learning05\Learning05.csproj", "{C6C138B4-6BBC-45AB-B23D-E526DD3769EB}"
EndProject
Project("{2150E333-8FDC-42A3-9474-1A3956D46DE8}") = "prove", "prove", "{7E5CEEE9-C40F-4201-961C-6C38190FFF1E}"
EndProject
Project("{9A19103F-16F7-4668-BE54-9A1E7A4F7556}") = "Develop02", "prove\Develop02\Develop02.csproj", "{9A5D7AB9-3190-4BC4-AE72-C22278C23686}"
EndProject
Project("{9A19103F-16F7-4668-BE54-9A1E7A4F7556}") = "Develop03", "prove\Develop03\Develop03.csproj", "{E0B8A0A6-C326-450B-A0F9-06DB929245A3}"
EndProject
Project("{9A19103F-16F7-4668-BE54-9A1E7A4F7556}") = "Develop04", "prove\Develop04\Develop04.csproj", "{33DA3950-F27E-486B-82D9-A77066F709D8}"
EndProject
Project("{9A19103F-16F7-4668-BE54-9A1E7A4F7556}") = "Develop05", "prove\Develop05\Develop05.csproj", "{D47A28F1-AAEA-4470-99B4-97E3B1CAE9C8}"
EndProject
Project("{2150E333-8FDC-42A3-9474-1A3956D46DE8}") = "sandbox", "sandbox", "{D74E6309-F104-4146-97E5-5554AF2B7FC7}"
EndProject
Project("{9A19103F-16F7-4668-BE54-9A1E7A4F7556}") = "Sandbox", "sandbox\Sandbox\Sandbox.csproj", "{9B3290F9-444E-4BD6-A043-845B0CF16F81}"
EndProject
Global
	GlobalSection(SolutionConfigurationPlatforms) = preSolution
		Debug|Any CPU = Debug|Any CPU
		Release|Any CPU = Release|Any CPU
	EndGlobalSection
	GlobalSection(ProjectConfigurationPlatforms) = postSolution
		{AD1C2EA6-658B-4982-A998-984E020D5B9E}.Debug|Any CPU.ActiveCfg = Debug|Any CPU
		{AD1C2EA6-658B-4982-A998-984E020D5B9E}.Debug|Any CPU.Build.0 = Debug|Any CPU
		{AD1C2EA6-658B-4982-A998-984E020D5B9E}.Release|Any CPU.ActiveCfg = Release|Any CPU
		{AD1C2EA6-658B-4982-A998-984E020D5B9E}.Release|Any CPU.Build.0 = Release|Any CPU
		{17D77BC1-50E2-42E3-A812-7CBD278BE370}.Debug|Any CPU.ActiveCfg = Debug|Any CPU
		{17D77BC1-50E2-42E3-A812-7CBD278BE370}.Debug|Any CPU.Build.0 = Debug|Any CPU
		{17D77BC1-50E2-42E3-A812-7CBD278BE370}.Release|Any CPU.ActiveCfg = Release|Any CPU
		{17D77BC1-50E2-42E3-A812-7CBD278BE370}.Release|Any CPU.Build.0 = Release|Any CPU
		{91F9713A-CCC6-4E41-9669-BD5C9238971B}.Debug|Any CPU.ActiveCfg = Debug|Any CPU
		{91F9713A-CCC6-4E41-9669-BD5C9238971B}.Debug|Any CPU.Build.0 = Debug|Any CPU
		{91F9713A-CCC6-4E41-9669-BD5C9238971B}.Release|Any CPU.ActiveCfg = Release|Any CPU
		{91F9713A-CCC6-4E41-9669-BD5C9238971B}.Release|Any CPU.Build.0 = Release|Any CPU
		{D5E0FBED-B5AE-4522-96F3-E68F7BA04063}.Debug|Any CPU.ActiveCfg = Debug|Any CPU
		{D5E0FBED-B5AE-4522-96F3-E68F7BA04063}.Debug|Any CPU.Build.0 = Debug|Any CPU
		{D5E0FBED-B5AE-4522-96F3-E68F7BA04063}.Release|Any CPU.ActiveCfg = Release|Any CPU
		{D5E0FBED-B5AE-4522-96F3-E68F7BA04063}.Release|Any CPU.Build.0 = Release|Any CPU
		{BE72C543-6052-4AB7-A402-731330E7475A}.Debug|Any CPU.ActiveCfg = Debug|Any CPU
		{BE72C543-6052-4AB7-A402-731330E7475A}.Debug|Any CPU.Build.0 = Debug|Any CPU
		{BE72C543-6052-4AB7-A402-731330E7475A}.Release|Any CPU.ActiveCfg = Release|Any CPU
		{BE72C543-6052-4AB7-A402-731330E7475A}.Release|Any CPU.Build.0 = Release|Any CPU
		{81EAA9AB-23E5-45AA-A4B3-78A61403603E}.Debug|Any CPU.ActiveCfg = Debug|Any CPU
		{81EAA9AB-23E5-45AA-A4B3-78A61403603E}.Debug|Any CPU.Build.0 = Debug|Any CPU
		{81EAA9AB-23E5-45AA-A4B3-78A61403603E}.Release|Any CPU.ActiveCfg = Release|Any CPU
		{81EAA9AB-23E5-45AA-A4B3-78A61403603E}.Release|Any CPU.Build.0 = Release|Any CPU
		{CF93E9A0-5040-48EA-BC7C-CED0C3C6C177}.Debug|Any CPU.ActiveCfg = Debug|Any CPU
		{CF93E9A0-5040-48EA-BC7C-CED0C3C6C177}.Debug|Any CPU.Build.0 = Debug|Any CPU
		{CF93E9A0-5040-48EA-BC7C-CED0C3C6C177}.Release|Any CPU.ActiveCfg = Release|Any CPU
		{CF93E9A0-5040-48EA-BC7C-CED0C3C6C177}.Release|Any CPU.Build.0 = Release|Any CPU
		{2D4062C8-41D4-4150-8F9B-F555442C5B80}.Debug|Any CPU.ActiveCfg = Debug|Any CPU
		{2D4062C8-41D4-4150-8F9B-F555442C5B80}.Debug|Any CPU.Build.0 = Debug|Any CPU
		{2D4062C8-41D4-4150-8F9B-F555442C5B80}.Release|Any CPU.ActiveCfg = Release|Any CPU
		{2D4062C8-41D4-4150-8F9B-F555442C5B80}.Release|Any CPU.Build.0 = Release|Any CPU
		{2BC061AB-9FCD-4F35-90AD-7C01D6B73B7F}.Debug|Any CPU.ActiveCfg = Debug|Any CPU
		{2BC061AB-9FCD-4F35-90AD-7C01D6B73B7F}.Debug|Any CPU.Build.0 = Debug|Any CPU
		{2BC061AB-9FCD-4F35-90AD-7C01D6B73B7F}.Release|Any CPU.ActiveCfg = Release|Any CPU
		{2BC061AB-9FCD-4F35-90AD-7C01D6B73B7F}.Release|Any CPU.Build.0 = Release|Any CPU
		{88FB939A-0068-48E6-A6E9-274D63252737}.Debug|Any CPU.ActiveCfg = Debug|Any CPU
		{88FB939A-0068-48E6-A6E9-274D63252737}.Debug|Any CPU.Build.0 = Debug|Any CPU
		{88FB939A-0068-48E6-A6E9-274D63252737}.Release|Any CPU.ActiveCfg = Release|Any CPU
		{88FB939A-0068-48E6-A6E9-274D63252737}.Release|Any CPU.Build.0 = Release|Any CPU
		{DDFB4DA8-CAF0-4B04-A4B3-BC15CE7DDAC0}.Debug|Any CPU.ActiveCfg = Debug|Any CPU
		{DDFB4DA8-CAF0-4B04-A4B3-BC15CE7DDAC0}.Debug|Any CPU.Build.0 = Debug|Any CPU
		{DDFB4DA8-CAF0-4B04-A4B3-BC15CE7DDAC0}.Release|Any CPU.ActiveCfg = Release|Any CPU
		{DDFB4DA8-CAF0-4B04-A4B3-BC15CE7DDAC0}.Release|Any CPU.Build.0 = Release|Any CPU
		{9F8FC057-324A-4895-A9F8-CF61BAEE6805}.Debug|Any CPU.ActiveCfg = Debug|Any CPU
		{9F8FC057-324A-4895-A9F8-CF61BAEE6805}.Debug|Any CPU.Build.0 = Debug|Any CPU
		{9F8FC057-324A-4895-A9F8-CF61BAEE6805}.Release|Any CPU.ActiveCfg = Release|Any CPU
		{9F8FC057-324A-4895-A9F8-CF61BAEE6805}.Release|Any CPU.Build.0 = Release|Any CPU
		{5F788CA7-9D44-4D0D-93FD-C3B706200256}.Debug|Any CPU.ActiveCfg = Debug|Any CPU
		{5F788CA7-9D44-4D0D-93FD-C3B706200256}.Debug|Any CPU.Build.0 = Debug|Any CPU
		{5F788CA7-9D44-4D0D-93FD-C3B706200256}.Release|Any CPU.ActiveCfg = Release|Any CPU
		{5F788CA7-9D44-4D0D-93FD-C3B706200256}.Release|Any CPU.Build.0 = Release|Any CPU
		{C6C138B4-6BBC-45AB-B23D-E526DD3769EB}.Debug|Any CPU.ActiveCfg = Debug|Any CPU
		{C6C138B4-6BBC-45AB-B23D-E526DD3769EB}.Debug|Any CPU.Build.0 = Debug|Any CPU
		{C6C138B4-6BBC-45AB-B23D-E526DD3769EB}.Release|Any CPU.ActiveCfg = Release|Any CPU
		{C6C138B4-6BBC-45AB-B23D-E526DD3769EB}.Release|Any CPU.Build.0 = Release|Any CPU
		{9A5D7AB9-3190-4BC4-AE72-C22278C23686}.Debug|Any CPU.ActiveCfg = Debug|Any CPU
		{9A5D7AB9-3190-4BC4-AE72-C22278C23686}.Debug|Any CPU.Build.0 = Debug|Any CPU
		{9A5D7AB9-3190-4BC4-AE72-C22278C23686}.Release|Any CPU.ActiveCfg = Release|Any CPU
		{9A5D7AB9-3190-4BC4-AE72-C22278C23686}.Release|Any CPU.Build.0 = Release|Any CPU
		{E0B8A0A6-C326-450B-A0F9-06DB929245A3}.Debug|Any CPU.ActiveCfg = Debug|Any CPU
		{E0B8A0A6-C326-450B-A0F9-06DB929245A3}.Debug|Any CPU.Build.0 = Debug|Any CPU
		{E0B8A0A6-C326-450B-A0F9-06DB929245A3}.Release|Any CPU.ActiveCfg = Release|Any CPU
		{E0B8A0A6-C326-450B-A0F9-06DB929245A3}.Release|Any CPU.Build.0 = Release|Any CPU
		{33DA3950-F27E-486B-82D9-A77066F709D8}.Debug|Any CPU.ActiveCfg = Debug|Any CPU
		{33DA3950-F27E-486B-82D9-A77066F709D8}.Debug|Any CPU.Build.0 = Debug|Any CPU
		{33DA3950-F27E-486B-82D9-A77066F709D8}.Release|Any CPU.ActiveCfg = Release|Any CPU
		{33DA3950-F27E-486B-82D9-A77066F709D8}.Release|Any CPU.Build.0 = Release|Any CPU
		{D47A28F1-AAEA-4470-99B4-97E3B1CAE9C8}.Debug|Any CPU.ActiveCfg = Debug|Any CPU
		{D47A28F1-AAEA-4470-99B4-97E3B1CAE9C8}.Debug|Any CPU.Build.0 = Debug|Any CPU
		{D47A28F1-AAEA-4470-99B4-97E3B1CAE9C8}.Release|Any CPU.ActiveCfg = Release|Any CPU
		{D47A28F1-AAEA-4470-99B4-97E3B1CAE9C8}.Release|Any CPU.Build.0 = Release|Any CPU
		{9B3290F9-444E-4BD6-A043-845B0CF16F81}.Debug|Any CPU.ActiveCfg = Debug|Any CPU
		{9B3290F9-444E-4BD6-A043-845B0CF16F81}.Debug|Any CPU.Build.0 = Debug|Any CPU
		{9B3290F9-444E-4BD6-A043-845B0CF16F81}.Release|Any CPU.ActiveCfg = Release|Any CPU
		{9B3290F9-444E-4BD6-A043-845B0CF16F81}.Release|Any CPU.Build.0 = Release|Any CPU
	EndGlobalSection
	GlobalSection(SolutionProperties) = preSolution
		HideSolutionNode = FALSE
	EndGlobalSection
	GlobalSection(NestedProjects) = preSolution
		{AD1C2EA6-658B-4982-A998-984E020D5B9E} = {A48485C9-5227-4AD3-B569-97986E5844E6}
		{17D77BC1-50E2-42E3-A812-7CBD278BE370} = {A48485C9-5227-4AD3-B569-97986E5844E6}
		{91F9713A-CCC6-4E41-9669-BD5C9238971B} = {A48485C9-5227-4AD3-B569-97986E5844E6}
		{D5E0FBED-B5AE-4522-96F3-E68F7BA04063} = {A48485C9-5227-4AD3-B569-97986E5844E6}
		{BE72C543-6052-4AB7-A402-731330E7475A} = {A48485C9-5227-4AD3-B569-97986E5844E6}
		{81EAA9AB-23E5-45AA-A4B3-78A61403603E} = {5A7573FF-1978-47EF-903F-A593342765AF}
		{CF93E9A0-5040-48EA-BC7C-CED0C3C6C177} = {5A7573FF-1978-47EF-903F-A593342765AF}
		{2D4062C8-41D4-4150-8F9B-F555442C5B80} = {5A7573FF-1978-47EF-903F-A593342765AF}
		{2BC061AB-9FCD-4F35-90AD-7C01D6B73B7F} = {5A7573FF-1978-47EF-903F-A593342765AF}
		{88FB939A-0068-48E6-A6E9-274D63252737} = {5A7573FF-1978-47EF-903F-A593342765AF}
		{DDFB4DA8-CAF0-4B04-A4B3-BC15CE7DDAC0} = {F596FAE9-F2C8-4157-9139-C4407A05B88D}
		{9F8FC057-324A-4895-A9F8-CF61BAEE6805} = {F596FAE9-F2C8-4157-9139-C4407A05B88D}
		{5F788CA7-9D44-4D0D-93FD-C3B706200256} = {F596FAE9-F2C8-4157-9139-C4407A05B88D}
		{C6C138B4-6BBC-45AB-B23D-E526DD3769EB} = {F596FAE9-F2C8-4157-9139-C4407A05B88D}
		{9A5D7AB9-3190-4BC4-AE72-C22278C23686} = {7E5CEEE9-C40F-4201-961C-6C38190FFF1E}
		{E0B8A0A6-C326-450B-A0F9-06DB929245A3} = {7E5CEEE9-C40F-4201-961C-6C38190FFF1E}
		{33DA3950-F27E-486B-82D9-A77066F709D8} = {7E5CEEE9-C40F-4201-961C-6C38190FFF1E}
		{D47A28F1-AAEA-4470-99B4-97E3B1CAE9C8} = {7E5CEEE9-C40F-4201-961C-6C38190FFF1E}
		{9B3290F9-444E-4BD6-A043-845B0CF16F81} = {D74E6309-F104-4146-97E5-5554AF2B7FC7}
	EndGlobalSection
	GlobalSection(ExtensibilityGlobals) = postSolution
		SolutionGuid = {D93727AA-243E-4E19-997E-C6E7E3B11B32}
	EndGlobalSection
EndGlobal
